
Microsoft Visual Studio Solution File, Format Version 12.00
# Visual Studio 15
VisualStudioVersion = 15.0.28307.645
MinimumVisualStudioVersion = 10.0.40219.1
Project("{8BC9CEB8-8B4A-11D0-8D11-00A0C91BC942}") = "FreewayAC", "FreewayAC\FreewayAC.vcxproj", "{23272ED9-6BA6-40BD-B026-09D28421BD7C}"
EndProject
Global
	GlobalSection(SolutionConfigurationPlatforms) = preSolution
		Debug|x64 = Debug|x64
		Debug|x86 = Debug|x86
		Release|x64 = Release|x64
		Release|x86 = Release|x86
	EndGlobalSection
	GlobalSection(ProjectConfigurationPlatforms) = postSolution
		{23272ED9-6BA6-40BD-B026-09D28421BD7C}.Debug|x64.ActiveCfg = Debug|x64
		{23272ED9-6BA6-40BD-B026-09D28421BD7C}.Debug|x64.Build.0 = Debug|x64
		{23272ED9-6BA6-40BD-B026-09D28421BD7C}.Debug|x86.ActiveCfg = Debug|Win32
		{23272ED9-6BA6-40BD-B026-09D28421BD7C}.Debug|x86.Build.0 = Debug|Win32
		{23272ED9-6BA6-40BD-B026-09D28421BD7C}.Release|x64.ActiveCfg = Release|x64
		{23272ED9-6BA6-40BD-B026-09D28421BD7C}.Release|x64.Build.0 = Release|x64
		{23272ED9-6BA6-40BD-B026-09D28421BD7C}.Release|x86.ActiveCfg = Release|Win32
		{23272ED9-6BA6-40BD-B026-09D28421BD7C}.Release|x86.Build.0 = Release|Win32
	EndGlobalSection
	GlobalSection(SolutionProperties) = preSolution
		HideSolutionNode = FALSE
	EndGlobalSection
	GlobalSection(ExtensibilityGlobals) = postSolution
		SolutionGuid = {066426F7-6969-47D9-9F37-C5EBA2260B9B}
	EndGlobalSection
EndGlobal
